{
  "name": "mock-proxy",
  "version": "1.0.0",
  "lockfileVersion": 1,
  "requires": true,
  "dependencies": {
    "cluster": {
      "version": "0.7.7",
      "resolved": "https://registry.npmjs.org/cluster/-/cluster-0.7.7.tgz",
      "integrity": "sha512-16LzEZSoBUgRHSN7NA46ntGnI9tf0NnxTm3KCDvHd6aj4EsBqUbYDN3ImCfjYegBXJZiutULF5rWkcRusMIozQ==",
      "requires": {
        "log": ">= 1.2.0",
        "mkdirp": ">= 0.0.1"
      }
    },
    "d": {
      "version": "1.0.2",
      "resolved": "https://registry.npmjs.org/d/-/d-1.0.2.tgz",
      "integrity": "sha512-MOqHvMWF9/9MX6nza0KgvFH4HpMU0EF5uUDXqX/BtxtU8NfB0QzRtJ8Oe/6SuS4kbhyzVJwjd97EA4PKrzJ8bw==",
      "requires": {
        "es5-ext": "^0.10.64",
        "type": "^2.7.2"
      }
    },
    "duration": {
      "version": "0.2.2",
      "resolved": "https://registry.npmjs.org/duration/-/duration-0.2.2.tgz",
      "integrity": "sha512-06kgtea+bGreF5eKYgI/36A6pLXggY7oR4p1pq4SmdFBn1ReOL5D8RhG64VrqfTTKNucqqtBAwEj8aB88mcqrg==",
      "requires": {
        "d": "1",
        "es5-ext": "~0.10.46"
      }
    },
    "es5-ext": {
      "version": "0.10.64",
      "resolved": "https://registry.npmjs.org/es5-ext/-/es5-ext-0.10.64.tgz",
      "integrity": "sha512-p2snDhiLaXe6dahss1LddxqEm+SkuDvV8dnIQG0MWjyHpcMNfXKPE+/Cc0y+PhxJX3A4xGNeFCj5oc0BUh6deg==",
      "requires": {
        "es6-iterator": "^2.0.3",
        "es6-symbol": "^3.1.3",
        "esniff": "^2.0.1",
        "next-tick": "^1.1.0"
      }
    },
    "es6-iterator": {
      "version": "2.0.3",
      "resolved": "https://registry.npmjs.org/es6-iterator/-/es6-iterator-2.0.3.tgz",
      "integrity": "sha512-zw4SRzoUkd+cl+ZoE15A9o1oQd920Bb0iOJMQkQhl3jNc03YqVjAhG7scf9C5KWRU/R13Orf588uCC6525o02g==",
      "requires": {
        "d": "1",
        "es5-ext": "^0.10.35",
        "es6-symbol": "^3.1.1"
      }
    },
    "es6-symbol": {
      "version": "3.1.4",
      "resolved": "https://registry.npmjs.org/es6-symbol/-/es6-symbol-3.1.4.tgz",
      "integrity": "sha512-U9bFFjX8tFiATgtkJ1zg25+KviIXpgRvRHS8sau3GfhVzThRQrOeksPeT0BWW2MNZs1OEWJ1DPXOQMn0KKRkvg==",
      "requires": {
        "d": "^1.0.2",
        "ext": "^1.7.0"
      }
    },
    "esniff": {
      "version": "2.0.1",
      "resolved": "https://registry.npmjs.org/esniff/-/esniff-2.0.1.tgz",
      "integrity": "sha512-kTUIGKQ/mDPFoJ0oVfcmyJn4iBDRptjNVIzwIFR7tqWXdVI9xfA2RMwY/gbSpJG3lkdWNEjLap/NqVHZiJsdfg==",
      "requires": {
        "d": "^1.0.1",
        "es5-ext": "^0.10.62",
        "event-emitter": "^0.3.5",
        "type": "^2.7.2"
      }
    },
    "event-emitter": {
      "version": "0.3.5",
      "resolved": "https://registry.npmjs.org/event-emitter/-/event-emitter-0.3.5.tgz",
      "integrity": "sha512-D9rRn9y7kLPnJ+hMq7S/nhvoKwwvVJahBi2BPmx3bvbsEdK3W9ii8cBSGjP+72/LnM4n6fo3+dkCX5FeTQruXA==",
      "requires": {
        "d": "1",
        "es5-ext": "~0.10.14"
      }
    },
    "ext": {
      "version": "1.7.0",
      "resolved": "https://registry.npmjs.org/ext/-/ext-1.7.0.tgz",
      "integrity": "sha512-6hxeJYaL110a9b5TEJSj0gojyHQAmA2ch5Os+ySCiA1QGdS697XWY1pzsrSjqA9LDEEgdB/KypIlR59RcLuHYw==",
      "requires": {
        "type": "^2.7.2"
      }
    },
    "log": {
      "version": "6.3.1",
      "resolved": "https://registry.npmjs.org/log/-/log-6.3.1.tgz",
      "integrity": "sha512-McG47rJEWOkXTDioZzQNydAVvZNeEkSyLJ1VWkFwfW+o1knW+QSi8D1KjPn/TnctV+q99lkvJNe1f0E1IjfY2A==",
      "requires": {
        "d": "^1.0.1",
        "duration": "^0.2.2",
        "es5-ext": "^0.10.53",
        "event-emitter": "^0.3.5",
        "sprintf-kit": "^2.0.1",
        "type": "^2.5.0",
        "uni-global": "^1.0.0"
      }
    },
    "minimist": {
      "version": "1.2.8",
      "resolved": "https://registry.npmjs.org/minimist/-/minimist-1.2.8.tgz",
      "integrity": "sha512-2yyAR8qBkN3YuheJanUpWC5U3bb5osDywNB8RzDVlDwDHbocAJveqqj1u8+SVD7jkWT4yvsHCpWqqWqAxb0zCA=="
    },
    "mkdirp": {
      "version": "3.0.1",
      "resolved": "https://registry.npmjs.org/mkdirp/-/mkdirp-3.0.1.tgz",
      "integrity": "sha512-+NsyUUAZDmo6YVHzL/stxSu3t9YS1iljliy3BSDrXJ/dkn1KYdmtZODGGjLcc9XLgVVpH4KshHB8XmZgMhaBXg=="
    },
    "next-tick": {
      "version": "1.1.0",
      "resolved": "https://registry.npmjs.org/next-tick/-/next-tick-1.1.0.tgz",
      "integrity": "sha512-CXdUiJembsNjuToQvxayPZF9Vqht7hewsvy2sOWafLvi2awflj9mOC6bHIg50orX8IJvWKY9wYQ/zB2kogPslQ=="
    },
    "os": {
      "version": "0.1.1",
      "resolved": "https://registry.npmjs.org/os/-/os-0.1.1.tgz",
      "integrity": "sha512-jg06S2xr5De63mLjZVJDf3/k37tpjppr2LR7MUOsxv8XuUCVpCnvbCksXCBcB5gQqQf/K0+87WGTRlAj5q7r1A=="
    },
    "properties-reader": {
      "version": "0.0.16",
      "resolved": "https://registry.npmjs.org/properties-reader/-/properties-reader-0.0.16.tgz",
      "integrity": "sha512-Ti7zzpdF7a3c5T4VqHdDAyBgC3ZpZVasPzaZiLOtFMbIzW5BDbkI3jfCIiANOBEKmbjAq4D+Hs380NmmuaQYoA==",
      "requires": {
        "mkdirp": "~0.5.1"
      },
      "dependencies": {
        "mkdirp": {
          "version": "0.5.6",
          "resolved": "https://registry.npmjs.org/mkdirp/-/mkdirp-0.5.6.tgz",
          "integrity": "sha512-FP+p8RB8OWpF3YZBCrP5gtADmtXApB5AMLn+vdyA+PyxCjrCs00mjyUozssO33cwDeT3wNGdLxJ5M//YqtHAJw==",
          "requires": {
            "minimist": "^1.2.6"
          }
        }
      }
    },
    "sprintf-kit": {
      "version": "2.0.2",
      "resolved": "https://registry.npmjs.org/sprintf-kit/-/sprintf-kit-2.0.2.tgz",
      "integrity": "sha512-lnapdj6W4LflHZGKvl9eVkz5YF0xaTrqpRWVA4cNVOTedwqifIP8ooGImldzT/4IAN5KXFQAyXTdLidYVQdyag==",
      "requires": {
        "es5-ext": "^0.10.64"
      }
    },
    "type": {
      "version": "2.7.3",
      "resolved": "https://registry.npmjs.org/type/-/type-2.7.3.tgz",
      "integrity": "sha512-8j+1QmAbPvLZow5Qpi6NCaN8FB60p/6x8/vfNqOk/hC+HuvFZhL4+WfekuhQLiqFZXOgQdrs3B+XxEmCc6b3FQ=="
    },
    "uni-global": {
      "version": "1.0.0",
      "resolved": "https://registry.npmjs.org/uni-global/-/uni-global-1.0.0.tgz",
      "integrity": "sha512-WWM3HP+siTxzIWPNUg7hZ4XO8clKi6NoCAJJWnuRL+BAqyFXF8gC03WNyTefGoUXYc47uYgXxpKLIEvo65PEHw==",
      "requires": {
        "type": "^2.5.0"
      }
    },
    "uuid": {
      "version": "3.3.2",
      "resolved": "https://registry.npmjs.org/uuid/-/uuid-3.3.2.tgz",
      "integrity": "sha512-yXJmeNaw3DnnKAOKJE51sL/ZaYfWJRl1pK9dr19YFCu0ObS231AB1/LbqTKRAQ5kw8A90rA6fr4riOUpTZvQZA=="
    }
  }
}
